{
  "lockfile_version": "1",
  "packages": {
    "age": {
      "resolved": "github:NixOS/nixpkgs/ae67888ff7ef9dff69b3cf0cc0fbfbcd3a722abe?narHash=sha256-P7dWMHRUWG5m4G%2B06jDyThXO7kwSk46C1kgjEWcybkE%3D#age",
      "source": "nixpkg",
      "systems": {
        "aarch64-darwin": {
          "outputs": [
            {
              "path": "/nix/store/5yq0vy6mmzn6ninasc578fw1wx238haa-age-1.3.1",
              "default": true
            }
          ]
        }
      }
    },
    "git": {
      "resolved": "github:NixOS/nixpkgs/ae67888ff7ef9dff69b3cf0cc0fbfbcd3a722abe?narHash=sha256-P7dWMHRUWG5m4G%2B06jDyThXO7kwSk46C1kgjEWcybkE%3D#git",
      "source": "nixpkg",
      "systems": {
        "aarch64-darwin": {
          "outputs": [
            {
              "path": "/nix/store/vnhprisb777byfjpp5mdd0mxwkpvhbc0-git-2.52.0",
              "default": true
            }
          ]
        }
      }
    },
    "github:NixOS/nixpkgs/nixpkgs-unstable": {
      "last_modified": "2026-02-06T12:24:04Z",
      "resolved": "github:NixOS/nixpkgs/ae67888ff7ef9dff69b3cf0cc0fbfbcd3a722abe?lastModified=1770380644&narHash=sha256-P7dWMHRUWG5m4G%2B06jDyThXO7kwSk46C1kgjEWcybkE%3D"
    },
    "gum": {
      "resolved": "github:NixOS/nixpkgs/ae67888ff7ef9dff69b3cf0cc0fbfbcd3a722abe?narHash=sha256-P7dWMHRUWG5m4G%2B06jDyThXO7kwSk46C1kgjEWcybkE%3D#gum",
      "source": "nixpkg",
      "systems": {
        "aarch64-darwin": {
          "outputs": [
            {
              "path": "/nix/store/pjh70r1gc4ylrc925kp6k74223n2r0hb-gum-0.17.0",
              "default": true
            }
          ]
        }
      }
    },
    "jq": {
      "resolved": "github:NixOS/nixpkgs/ae67888ff7ef9dff69b3cf0cc0fbfbcd3a722abe?narHash=sha256-P7dWMHRUWG5m4G%2B06jDyThXO7kwSk46C1kgjEWcybkE%3D#jq",
      "source": "nixpkg",
      "systems": {
        "aarch64-darwin": {
          "outputs": [
            {
              "name": "bin",
              "path": "/nix/store/qjs0qndyz1g97rsc1zp4cd692y5iph64-jq-1.8.1-bin",
              "default": true
            },
            {
              "name": "man",
              "path": "/nix/store/jlpyybc7pdh4gk17dc266d6a1szm7dk6-jq-1.8.1-man",
              "default": true
            }
          ]
        }
      }
    },
    "nix": {
      "resolved": "github:NixOS/nixpkgs/ae67888ff7ef9dff69b3cf0cc0fbfbcd3a722abe?narHash=sha256-P7dWMHRUWG5m4G%2B06jDyThXO7kwSk46C1kgjEWcybkE%3D#nix",
      "source": "nixpkg",
      "systems": {
        "aarch64-darwin": {
          "outputs": [
            {
              "path": "/nix/store/6cp2vhkbmzfzw8fph786l29akaqx8hkz-nix-2.31.3",
              "default": true
            },
            {
              "name": "man",
              "path": "/nix/store/jvsrgbp2z6w3vdmxwgy6b8isnl6bjcbd-nix-2.31.3-man",
              "default": true
            }
          ]
        }
      }
    },
    "sops": {
      "resolved": "github:NixOS/nixpkgs/ae67888ff7ef9dff69b3cf0cc0fbfbcd3a722abe?narHash=sha256-P7dWMHRUWG5m4G%2B06jDyThXO7kwSk46C1kgjEWcybkE%3D#sops",
      "source": "nixpkg",
      "systems": {
        "aarch64-darwin": {
          "outputs": [
            {
              "path": "/nix/store/l4irgcmqagzgy39a8jf5yfsafndg5vy6-sops-3.11.0",
              "default": true
            }
          ]
        }
      }
    }
  }
}
